// !$*UTF8*$!
{
	archiveVersion = 1;
	classes = {
	};
	objectVersion = 56;
	objects = {

/* Begin PBXBuildFile section */
		CF68A8B529E2BE1D00C05475 /* AppDelegate.swift in Sources */ = {isa = PBXBuildFile; fileRef = CF68A8B429E2BE1D00C05475 /* AppDelegate.swift */; };
		CF68A8B729E2BE1D00C05475 /* SceneDelegate.swift in Sources */ = {isa = PBXBuildFile; fileRef = CF68A8B629E2BE1D00C05475 /* SceneDelegate.swift */; };
		CF68A8B929E2BE1D00C05475 /* ViewController.swift in Sources */ = {isa = PBXBuildFile; fileRef = CF68A8B829E2BE1D00C05475 /* ViewController.swift */; };
		CF68A8BC29E2BE1D00C05475 /* Main.storyboard in Resources */ = {isa = PBXBuildFile; fileRef = CF68A8BA29E2BE1D00C05475 /* Main.storyboard */; };
		CF68A8BE29E2BE1F00C05475 /* Assets.xcassets in Resources */ = {isa = PBXBuildFile; fileRef = CF68A8BD29E2BE1F00C05475 /* Assets.xcassets */; };
		CF68A8C129E2BE1F00C05475 /* LaunchScreen.storyboard in Resources */ = {isa = PBXBuildFile; fileRef = CF68A8BF29E2BE1F00C05475 /* LaunchScreen.storyboard */; };
		CF68A8CC29E2BE1F00C05475 /* MyFirstAppTests.swift in Sources */ = {isa = PBXBuildFile; fileRef = CF68A8CB29E2BE1F00C05475 /* MyFirstAppTests.swift */; };
		CF68A8D629E2BE1F00C05475 /* MyFirstAppUITests.swift in Sources */ = {isa = PBXBuildFile; fileRef = CF68A8D529E2BE1F00C05475 /* MyFirstAppUITests.swift */; };
		CF68A8D829E2BE1F00C05475 /* MyFirstAppUITestsLaunchTests.swift in Sources */ = {isa = PBXBuildFile; fileRef = CF68A8D729E2BE1F00C05475 /* MyFirstAppUITestsLaunchTests.swift */; };
/* End PBXBuildFile section */

/* Begin PBXContainerItemProxy section */
		CF68A8C829E2BE1F00C05475 /* PBXContainerItemProxy */ = {
			isa = PBXContainerItemProxy;
			containerPortal = CF68A8A929E2BE1D00C05475 /* Project object */;
			proxyType = 1;
			remoteGlobalIDString = CF68A8B029E2BE1D00C05475;
			remoteInfo = MyFirstApp;
		};
		CF68A8D229E2BE1F00C05475 /* PBXContainerItemProxy */ = {
			isa = PBXContainerItemProxy;
			containerPortal = CF68A8A929E2BE1D00C05475 /* Project object */;
			proxyType = 1;
			remoteGlobalIDString = CF68A8B029E2BE1D00C05475;
			remoteInfo = MyFirstApp;
		};
/* End PBXContainerItemProxy section */

/* Begin PBXFileReference section */
		CF68A8B129E2BE1D00C05475 /* MyFirstApp.app */ = {isa = PBXFileReference; explicitFileType = wrapper.application; includeInIndex = 0; path = MyFirstApp.app; sourceTree = BUILT_PRODUCTS_DIR; };
		CF68A8B429E2BE1D00C05475 /* AppDelegate.swift */ = {isa = PBXFileReference; lastKnownFileType = sourcecode.swift; path = AppDelegate.swift; sourceTree = "<group>"; };
		CF68A8B629E2BE1D00C05475 /* SceneDelegate.swift */ = {isa = PBXFileReference; lastKnownFileType = sourcecode.swift; path = SceneDelegate.swift; sourceTree = "<group>"; };
		CF68A8B829E2BE1D00C05475 /* ViewController.swift */ = {isa = PBXFileReference; lastKnownFileType = sourcecode.swift; path = ViewController.swift; sourceTree = "<group>"; };
		CF68A8BB29E2BE1D00C05475 /* Base */ = {isa = PBXFileReference; lastKnownFileType = file.storyboard; name = Base; path = Base.lproj/Main.storyboard; sourceTree = "<group>"; };
		CF68A8BD29E2BE1F00C05475 /* Assets.xcassets */ = {isa = PBXFileReference; lastKnownFileType = folder.assetcatalog; path = Assets.xcassets; sourceTree = "<group>"; };
		CF68A8C029E2BE1F00C05475 /* Base */ = {isa = PBXFileReference; lastKnownFileType = file.storyboard; name = Base; path = Base.lproj/LaunchScreen.storyboard; sourceTree = "<group>"; };
		CF68A8C229E2BE1F00C05475 /* Info.plist */ = {isa = PBXFileReference; lastKnownFileType = text.plist.xml; path = Info.plist; sourceTree = "<group>"; };
		CF68A8C729E2BE1F00C05475 /* MyFirstAppTests.xctest */ = {isa = PBXFileReference; explicitFileType = wrapper.cfbundle; includeInIndex = 0; path = MyFirstAppTests.xctest; sourceTree = BUILT_PRODUCTS_DIR; };
		CF68A8CB29E2BE1F00C05475 /* MyFirstAppTests.swift */ = {isa = PBXFileReference; lastKnownFileType = sourcecode.swift; path = MyFirstAppTests.swift; sourceTree = "<group>"; };
		CF68A8D129E2BE1F00C05475 /* MyFirstAppUITests.xctest */ = {isa = PBXFileReference; explicitFileType = wrapper.cfbundle; includeInIndex = 0; path = MyFirstAppUITests.xctest; sourceTree = BUILT_PRODUCTS_DIR; };
		CF68A8D529E2BE1F00C05475 /* MyFirstAppUITests.swift */ = {isa = PBXFileReference; lastKnownFileType = sourcecode.swift; path = MyFirstAppUITests.swift; sourceTree = "<group>"; };
		CF68A8D729E2BE1F00C05475 /* MyFirstAppUITestsLaunchTests.swift */ = {isa = PBXFileReference; lastKnownFileType = sourcecode.swift; path = MyFirstAppUITestsLaunchTests.swift; sourceTree = "<group>"; };
/* End PBXFileReference section */

/* Begin PBXFrameworksBuildPhase section */
		CF68A8AE29E2BE1D00C05475 /* Frameworks */ = {
			isa = PBXFrameworksBuildPhase;
			buildActionMask = 2147483647;
			files = (
			);
			runOnlyForDeploymentPostprocessing = 0;
		};
		CF68A8C429E2BE1F00C05475 /* Frameworks */ = {
			isa = PBXFrameworksBuildPhase;
			buildActionMask = 2147483647;
			files = (
			);
			runOnlyForDeploymentPostprocessing = 0;
		};
		CF68A8CE29E2BE1F00C05475 /* Frameworks */ = {
			isa = PBXFrameworksBuildPhase;
			buildActionMask = 2147483647;
			files = (
			);
			runOnlyForDeploymentPostprocessing = 0;
		};
/* End PBXFrameworksBuildPhase section */

/* Begin PBXGroup section */
		CF68A8A829E2BE1D00C05475 = {
			isa = PBXGroup;
			children = (
				CF68A8B329E2BE1D00C05475 /* MyFirstApp */,
				CF68A8CA29E2BE1F00C05475 /* MyFirstAppTests */,
				CF68A8D429E2BE1F00C05475 /* MyFirstAppUITests */,
				CF68A8B229E2BE1D00C05475 /* Products */,
			);
			sourceTree = "<group>";
		};
		CF68A8B229E2BE1D00C05475 /* Products */ = {
			isa = PBXGroup;
			children = (
				CF68A8B129E2BE1D00C05475 /* MyFirstApp.app */,
				CF68A8C729E2BE1F00C05475 /* MyFirstAppTests.xctest */,
				CF68A8D129E2BE1F00C05475 /* MyFirstAppUITests.xctest */,
			);
			name = Products;
			sourceTree = "<group>";
		};
		CF68A8B329E2BE1D00C05475 /* MyFirstApp */ = {
			isa = PBXGroup;
			children = (
				CF68A8B429E2BE1D00C05475 /* AppDelegate.swift */,
				CF68A8B629E2BE1D00C05475 /* SceneDelegate.swift */,
				CF68A8B829E2BE1D00C05475 /* ViewController.swift */,
				CF68A8BA29E2BE1D00C05475 /* Main.storyboard */,
				CF68A8BD29E2BE1F00C05475 /* Assets.xcassets */,
				CF68A8BF29E2BE1F00C05475 /* LaunchScreen.storyboard */,
				CF68A8C229E2BE1F00C05475 /* Info.plist */,
			);
			path = MyFirstApp;
			sourceTree = "<group>";
		};
		CF68A8CA29E2BE1F00C05475 /* MyFirstAppTests */ = {
			isa = PBXGroup;
			children = (
				CF68A8CB29E2BE1F00C05475 /* MyFirstAppTests.swift */,
			);
			path = MyFirstAppTests;
			sourceTree = "<group>";
		};
		CF68A8D429E2BE1F00C05475 /* MyFirstAppUITests */ = {
			isa = PBXGroup;
			children = (
				CF68A8D529E2BE1F00C05475 /* MyFirstAppUITests.swift */,
				CF68A8D729E2BE1F00C05475 /* MyFirstAppUITestsLaunchTests.swift */,
			);
			path = MyFirstAppUITests;
			sourceTree = "<group>";
		};
/* End PBXGroup section */

/* Begin PBXNativeTarget section */
		CF68A8B029E2BE1D00C05475 /* MyFirstApp */ = {
			isa = PBXNativeTarget;
			buildConfigurationList = CF68A8DB29E2BE1F00C05475 /* Build configuration list for PBXNativeTarget "MyFirstApp" */;
			buildPhases = (
				CF68A8AD29E2BE1D00C05475 /* Sources */,
				CF68A8AE29E2BE1D00C05475 /* Frameworks */,
				CF68A8AF29E2BE1D00C05475 /* Resources */,
			);
			buildRules = (
			);
			dependencies = (
			);
			name = MyFirstApp;
			productName = MyFirstApp;
			productReference = CF68A8B129E2BE1D00C05475 /* MyFirstApp.app */;
			productType = "com.apple.product-type.application";
		};
		CF68A8C629E2BE1F00C05475 /* MyFirstAppTests */ = {
			isa = PBXNativeTarget;
			buildConfigurationList = CF68A8DE29E2BE1F00C05475 /* Build configuration list for PBXNativeTarget "MyFirstAppTests" */;
			buildPhases = (
				CF68A8C329E2BE1F00C05475 /* Sources */,
				CF68A8C429E2BE1F00C05475 /* Frameworks */,
				CF68A8C529E2BE1F00C05475 /* Resources */,
			);
			buildRules = (
			);
			dependencies = (
				CF68A8C929E2BE1F00C05475 /* PBXTargetDependency */,
			);
			name = MyFirstAppTests;
			productName = MyFirstAppTests;
			productReference = CF68A8C729E2BE1F00C05475 /* MyFirstAppTests.xctest */;
			productType = "com.apple.product-type.bundle.unit-test";
		};
		CF68A8D029E2BE1F00C05475 /* MyFirstAppUITests */ = {
			isa = PBXNativeTarget;
			buildConfigurationList = CF68A8E129E2BE1F00C05475 /* Build configuration list for PBXNativeTarget "MyFirstAppUITests" */;
			buildPhases = (
				CF68A8CD29E2BE1F00C05475 /* Sources */,
				CF68A8CE29E2BE1F00C05475 /* Frameworks */,
				CF68A8CF29E2BE1F00C05475 /* Resources */,
			);
			buildRules = (
			);
			dependencies = (
				CF68A8D329E2BE1F00C05475 /* PBXTargetDependency */,
			);
			name = MyFirstAppUITests;
			productName = MyFirstAppUITests;
			productReference = CF68A8D129E2BE1F00C05475 /* MyFirstAppUITests.xctest */;
			productType = "com.apple.product-type.bundle.ui-testing";
		};
/* End PBXNativeTarget section */

/* Begin PBXProject section */
		CF68A8A929E2BE1D00C05475 /* Project object */ = {
			isa = PBXProject;
			attributes = {
				BuildIndependentTargetsInParallel = 1;
				LastSwiftUpdateCheck = 1420;
				LastUpgradeCheck = 1420;
				TargetAttributes = {
					CF68A8B029E2BE1D00C05475 = {
						CreatedOnToolsVersion = 14.2;
					};
					CF68A8C629E2BE1F00C05475 = {
						CreatedOnToolsVersion = 14.2;
						TestTargetID = CF68A8B029E2BE1D00C05475;
					};
					CF68A8D029E2BE1F00C05475 = {
						CreatedOnToolsVersion = 14.2;
						TestTargetID = CF68A8B029E2BE1D00C05475;
					};
				};
			};
			buildConfigurationList = CF68A8AC29E2BE1D00C05475 /* Build configuration list for PBXProject "MyFirstApp" */;
			compatibilityVersion = "Xcode 14.0";
			developmentRegion = en;
			hasScannedForEncodings = 0;
			knownRegions = (
				en,
				Base,
			);
			mainGroup = CF68A8A829E2BE1D00C05475;
			productRefGroup = CF68A8B229E2BE1D00C05475 /* Products */;
			projectDirPath = "";
			projectRoot = "";
			targets = (
				CF68A8B029E2BE1D00C05475 /* MyFirstApp */,
				CF68A8C629E2BE1F00C05475 /* MyFirstAppTests */,
				CF68A8D029E2BE1F00C05475 /* MyFirstAppUITests */,
			);
		};
/* End PBXProject section */

/* Begin PBXResourcesBuildPhase section */
		CF68A8AF29E2BE1D00C05475 /* Resources */ = {
			isa = PBXResourcesBuildPhase;
			buildActionMask = 2147483647;
			files = (
				CF68A8C129E2BE1F00C05475 /* LaunchScreen.storyboard in Resources */,
				CF68A8BE29E2BE1F00C05475 /* Assets.xcassets in Resources */,
				CF68A8BC29E2BE1D00C05475 /* Main.storyboard in Resources */,
			);
			runOnlyForDeploymentPostprocessing = 0;
		};
		CF68A8C529E2BE1F00C05475 /* Resources */ = {
			isa = PBXResourcesBuildPhase;
			buildActionMask = 2147483647;
			files = (
			);
			runOnlyForDeploymentPostprocessing = 0;
		};
		CF68A8CF29E2BE1F00C05475 /* Resources */ = {
			isa = PBXResourcesBuildPhase;
			buildActionMask = 2147483647;
			files = (
			);
			runOnlyForDeploymentPostprocessing = 0;
		};
/* End PBXResourcesBuildPhase section */

/* Begin PBXSourcesBuildPhase section */
		CF68A8AD29E2BE1D00C05475 /* Sources */ = {
			isa = PBXSourcesBuildPhase;
			buildActionMask = 2147483647;
			files = (
				CF68A8B929E2BE1D00C05475 /* ViewController.swift in Sources */,
				CF68A8B529E2BE1D00C05475 /* AppDelegate.swift in Sources */,
				CF68A8B729E2BE1D00C05475 /* SceneDelegate.swift in Sources */,
			);
			runOnlyForDeploymentPostprocessing = 0;
		};
		CF68A8C329E2BE1F00C05475 /* Sources */ = {
			isa = PBXSourcesBuildPhase;
			buildActionMask = 2147483647;
			files = (
				CF68A8CC29E2BE1F00C05475 /* MyFirstAppTests.swift in Sources */,
			);
			runOnlyForDeploymentPostprocessing = 0;
		};
		CF68A8CD29E2BE1F00C05475 /* Sources */ = {
			isa = PBXSourcesBuildPhase;
			buildActionMask = 2147483647;
			files = (
				CF68A8D629E2BE1F00C05475 /* MyFirstAppUITests.swift in Sources */,
				CF68A8D829E2BE1F00C05475 /* MyFirstAppUITestsLaunchTests.swift in Sources */,
			);
			runOnlyForDeploymentPostprocessing = 0;
		};
/* End PBXSourcesBuildPhase section */

/* Begin PBXTargetDependency section */
		CF68A8C929E2BE1F00C05475 /* PBXTargetDependency */ = {
			isa = PBXTargetDependency;
			target = CF68A8B029E2BE1D00C05475 /* MyFirstApp */;
			targetProxy = CF68A8C829E2BE1F00C05475 /* PBXContainerItemProxy */;
		};
		CF68A8D329E2BE1F00C05475 /* PBXTargetDependency */ = {
			isa = PBXTargetDependency;
			target = CF68A8B029E2BE1D00C05475 /* MyFirstApp */;
			targetProxy = CF68A8D229E2BE1F00C05475 /* PBXContainerItemProxy */;
		};
/* End PBXTargetDependency section */

/* Begin PBXVariantGroup section */
		CF68A8BA29E2BE1D00C05475 /* Main.storyboard */ = {
			isa = PBXVariantGroup;
			children = (
				CF68A8BB29E2BE1D00C05475 /* Base */,
			);
			name = Main.storyboard;
			sourceTree = "<group>";
		};
		CF68A8BF29E2BE1F00C05475 /* LaunchScreen.storyboard */ = {
			isa = PBXVariantGroup;
			children = (
				CF68A8C029E2BE1F00C05475 /* Base */,
			);
			name = LaunchScreen.storyboard;
			sourceTree = "<group>";
		};
/* End PBXVariantGroup section */

/* Begin XCBuildConfiguration section */
		CF68A8D929E2BE1F00C05475 /* Debug */ = {
			isa = XCBuildConfiguration;
			buildSettings = {
				ALWAYS_SEARCH_USER_PATHS = NO;
				CLANG_ANALYZER_NONNULL = YES;
				CLANG_ANALYZER_NUMBER_OBJECT_CONVERSION = YES_AGGRESSIVE;
				CLANG_CXX_LANGUAGE_STANDARD = "gnu++20";
				CLANG_ENABLE_MODULES = YES;
				CLANG_ENABLE_OBJC_ARC = YES;
				CLANG_ENABLE_OBJC_WEAK = YES;
				CLANG_WARN_BLOCK_CAPTURE_AUTORELEASING = YES;
				CLANG_WARN_BOOL_CONVERSION = YES;
				CLANG_WARN_COMMA = YES;
				CLANG_WARN_CONSTANT_CONVERSION = YES;
				CLANG_WARN_DEPRECATED_OBJC_IMPLEMENTATIONS = YES;
				CLANG_WARN_DIRECT_OBJC_ISA_USAGE = YES_ERROR;
				CLANG_WARN_DOCUMENTATION_COMMENTS = YES;
				CLANG_WARN_EMPTY_BODY = YES;
				CLANG_WARN_ENUM_CONVERSION = YES;
				CLANG_WARN_INFINITE_RECURSION = YES;
				CLANG_WARN_INT_CONVERSION = YES;
				CLANG_WARN_NON_LITERAL_NULL_CONVERSION = YES;
				CLANG_WARN_OBJC_IMPLICIT_RETAIN_SELF = YES;
				CLANG_WARN_OBJC_LITERAL_CONVERSION = YES;
				CLANG_WARN_OBJC_ROOT_CLASS = YES_ERROR;
				CLANG_WARN_QUOTED_INCLUDE_IN_FRAMEWORK_HEADER = YES;
				CLANG_WARN_RANGE_LOOP_ANALYSIS = YES;
				CLANG_WARN_STRICT_PROTOTYPES = YES;
				CLANG_WARN_SUSPICIOUS_MOVE = YES;
				CLANG_WARN_UNGUARDED_AVAILABILITY = YES_AGGRESSIVE;
				CLANG_WARN_UNREACHABLE_CODE = YES;
				CLANG_WARN__DUPLICATE_METHOD_MATCH = YES;
				COPY_PHASE_STRIP = NO;
				DEBUG_INFORMATION_FORMAT = dwarf;
				ENABLE_STRICT_OBJC_MSGSEND = YES;
				ENABLE_TESTABILITY = YES;
				GCC_C_LANGUAGE_STANDARD = gnu11;
				GCC_DYNAMIC_NO_PIC = NO;
				GCC_NO_COMMON_BLOCKS = YES;
				GCC_OPTIMIZATION_LEVEL = 0;
				GCC_PREPROCESSOR_DEFINITIONS = (
					"DEBUG=1",
					"$(inherited)",
				);
				GCC_WARN_64_TO_32_BIT_CONVERSION = YES;
				GCC_WARN_ABOUT_RETURN_TYPE = YES_ERROR;
				GCC_WARN_UNDECLARED_SELECTOR = YES;
				GCC_WARN_UNINITIALIZED_AUTOS = YES_AGGRESSIVE;
				GCC_WARN_UNUSED_FUNCTION = YES;
				GCC_WARN_UNUSED_VARIABLE = YES;
				IPHONEOS_DEPLOYMENT_TARGET = 16.2;
				MTL_ENABLE_DEBUG_INFO = INCLUDE_SOURCE;
				MTL_FAST_MATH = YES;
				ONLY_ACTIVE_ARCH = YES;
				SDKROOT = iphoneos;
				SWIFT_ACTIVE_COMPILATION_CONDITIONS = DEBUG;
				SWIFT_OPTIMIZATION_LEVEL = "-Onone";
			};
			name = Debug;
		};
		CF68A8DA29E2BE1F00C05475 /* Release */ = {
			isa = XCBuildConfiguration;
			buildSettings = {
				ALWAYS_SEARCH_USER_PATHS = NO;
				CLANG_ANALYZER_NONNULL = YES;
				CLANG_ANALYZER_NUMBER_OBJECT_CONVERSION = YES_AGGRESSIVE;
				CLANG_CXX_LANGUAGE_STANDARD = "gnu++20";
				CLANG_ENABLE_MODULES = YES;
				CLANG_ENABLE_OBJC_ARC = YES;
				CLANG_ENABLE_OBJC_WEAK = YES;
				CLANG_WARN_BLOCK_CAPTURE_AUTORELEASING = YES;
				CLANG_WARN_BOOL_CONVERSION = YES;
				CLANG_WARN_COMMA = YES;
				CLANG_WARN_CONSTANT_CONVERSION = YES;
				CLANG_WARN_DEPRECATED_OBJC_IMPLEMENTATIONS = YES;
				CLANG_WARN_DIRECT_OBJC_ISA_USAGE = YES_ERROR;
				CLANG_WARN_DOCUMENTATION_COMMENTS = YES;
				CLANG_WARN_EMPTY_BODY = YES;
				CLANG_WARN_ENUM_CONVERSION = YES;
				CLANG_WARN_INFINITE_RECURSION = YES;
				CLANG_WARN_INT_CONVERSION = YES;
				CLANG_WARN_NON_LITERAL_NULL_CONVERSION = YES;
				CLANG_WARN_OBJC_IMPLICIT_RETAIN_SELF = YES;
				CLANG_WARN_OBJC_LITERAL_CONVERSION = YES;
				CLANG_WARN_OBJC_ROOT_CLASS = YES_ERROR;
				CLANG_WARN_QUOTED_INCLUDE_IN_FRAMEWORK_HEADER = YES;
				CLANG_WARN_RANGE_LOOP_ANALYSIS = YES;
				CLANG_WARN_STRICT_PROTOTYPES = YES;
				CLANG_WARN_SUSPICIOUS_MOVE = YES;
				CLANG_WARN_UNGUARDED_AVAILABILITY = YES_AGGRESSIVE;
				CLANG_WARN_UNREACHABLE_CODE = YES;
				CLANG_WARN__DUPLICATE_METHOD_MATCH = YES;
				COPY_PHASE_STRIP = NO;
				DEBUG_INFORMATION_FORMAT = "dwarf-with-dsym";
				ENABLE_NS_ASSERTIONS = NO;
				ENABLE_STRICT_OBJC_MSGSEND = YES;
				GCC_C_LANGUAGE_STANDARD = gnu11;
				GCC_NO_COMMON_BLOCKS = YES;
				GCC_WARN_64_TO_32_BIT_CONVERSION = YES;
				GCC_WARN_ABOUT_RETURN_TYPE = YES_ERROR;
				GCC_WARN_UNDECLARED_SELECTOR = YES;
				GCC_WARN_UNINITIALIZED_AUTOS = YES_AGGRESSIVE;
				GCC_WARN_UNUSED_FUNCTION = YES;
				GCC_WARN_UNUSED_VARIABLE = YES;
				IPHONEOS_DEPLOYMENT_TARGET = 16.2;
				MTL_ENABLE_DEBUG_INFO = NO;
				MTL_FAST_MATH = YES;
				SDKROOT = iphoneos;
				SWIFT_COMPILATION_MODE = wholemodule;
				SWIFT_OPTIMIZATION_LEVEL = "-O";
				VALIDATE_PRODUCT = YES;
			};
			name = Release;
		};
		CF68A8DC29E2BE1F00C05475 /* Debug */ = {
			isa = XCBuildConfiguration;
			buildSettings = {
				ASSETCATALOG_COMPILER_APPICON_NAME = AppIcon;
				ASSETCATALOG_COMPILER_GLOBAL_ACCENT_COLOR_NAME = AccentColor;
				CODE_SIGN_STYLE = Automatic;
				CURRENT_PROJECT_VERSION = 1;
				DEVELOPMENT_TEAM = YT4L7QH32W;
				GENERATE_INFOPLIST_FILE = YES;
				INFOPLIST_FILE = MyFirstApp/Info.plist;
				INFOPLIST_KEY_UIApplicationSupportsIndirectInputEvents = YES;
				INFOPLIST_KEY_UILaunchStoryboardName = LaunchScreen;
				INFOPLIST_KEY_UIMainStoryboardFile = Main;
				INFOPLIST_KEY_UISupportedInterfaceOrientations_iPad = "UIInterfaceOrientationPortrait UIInterfaceOrientationPortraitUpsideDown UIInterfaceOrientationLandscapeLeft UIInterfaceOrientationLandscapeRight";
				INFOPLIST_KEY_UISupportedInterfaceOrientations_iPhone = "UIInterfaceOrientationPortrait UIInterfaceOrientationLandscapeLeft UIInterfaceOrientationLandscapeRight";
				LD_RUNPATH_SEARCH_PATHS = (
					"$(inherited)",
					"@executable_path/Frameworks",
				);
				MARKETING_VERSION = 1.0;
				PRODUCT_BUNDLE_IDENTIFIER = com.exampleApp.MyFirstApp;
				PRODUCT_NAME = "$(TARGET_NAME)";
				SWIFT_EMIT_LOC_STRINGS = YES;
				SWIFT_VERSION = 5.0;
				TARGETED_DEVICE_FAMILY = "1,2";
			};
			name = Debug;
		};
		CF68A8DD29E2BE1F00C05475 /* Release */ = {
			isa = XCBuildConfiguration;
			buildSettings = {
				ASSETCATALOG_COMPILER_APPICON_NAME = AppIcon;
				ASSETCATALOG_COMPILER_GLOBAL_ACCENT_COLOR_NAME = AccentColor;
				CODE_SIGN_STYLE = Automatic;
				CURRENT_PROJECT_VERSION = 1;
				DEVELOPMENT_TEAM = YT4L7QH32W;
				GENERATE_INFOPLIST_FILE = YES;
				INFOPLIST_FILE = MyFirstApp/Info.plist;
				INFOPLIST_KEY_UIApplicationSupportsIndirectInputEvents = YES;
				INFOPLIST_KEY_UILaunchStoryboardName = LaunchScreen;
				INFOPLIST_KEY_UIMainStoryboardFile = Main;
				INFOPLIST_KEY_UISupportedInterfaceOrientations_iPad = "UIInterfaceOrientationPortrait UIInterfaceOrientationPortraitUpsideDown UIInterfaceOrientationLandscapeLeft UIInterfaceOrientationLandscapeRight";
				INFOPLIST_KEY_UISupportedInterfaceOrientations_iPhone = "UIInterfaceOrientationPortrait UIInterfaceOrientationLandscapeLeft UIInterfaceOrientationLandscapeRight";
				LD_RUNPATH_SEARCH_PATHS = (
					"$(inherited)",
					"@executable_path/Frameworks",
				);
				MARKETING_VERSION = 1.0;
				PRODUCT_BUNDLE_IDENTIFIER = com.exampleApp.MyFirstApp;
				PRODUCT_NAME = "$(TARGET_NAME)";
				SWIFT_EMIT_LOC_STRINGS = YES;
				SWIFT_VERSION = 5.0;
				TARGETED_DEVICE_FAMILY = "1,2";
			};
			name = Release;
		};
		CF68A8DF29E2BE1F00C05475 /* Debug */ = {
			isa = XCBuildConfiguration;
			buildSettings = {
				ALWAYS_EMBED_SWIFT_STANDARD_LIBRARIES = YES;
				BUNDLE_LOADER = "$(TEST_HOST)";
				CODE_SIGN_STYLE = Automatic;
				CURRENT_PROJECT_VERSION = 1;
				DEVELOPMENT_TEAM = YT4L7QH32W;
				GENERATE_INFOPLIST_FILE = YES;
				IPHONEOS_DEPLOYMENT_TARGET = 16.2;
				MARKETING_VERSION = 1.0;
				PRODUCT_BUNDLE_IDENTIFIER = com.exampleApp.MyFirstAppTests;
				PRODUCT_NAME = "$(TARGET_NAME)";
				SWIFT_EMIT_LOC_STRINGS = NO;
				SWIFT_VERSION = 5.0;
				TARGETED_DEVICE_FAMILY = "1,2";
				TEST_HOST = "$(BUILT_PRODUCTS_DIR)/MyFirstApp.app/$(BUNDLE_EXECUTABLE_FOLDER_PATH)/MyFirstApp";
			};
			name = Debug;
		};
		CF68A8E029E2BE1F00C05475 /* Release */ = {
			isa = XCBuildConfiguration;
			buildSettings = {
				ALWAYS_EMBED_SWIFT_STANDARD_LIBRARIES = YES;
				BUNDLE_LOADER = "$(TEST_HOST)";
				CODE_SIGN_STYLE = Automatic;
				CURRENT_PROJECT_VERSION = 1;
				DEVELOPMENT_TEAM = YT4L7QH32W;
				GENERATE_INFOPLIST_FILE = YES;
				IPHONEOS_DEPLOYMENT_TARGET = 16.2;
				MARKETING_VERSION = 1.0;
				PRODUCT_BUNDLE_IDENTIFIER = com.exampleApp.MyFirstAppTests;
				PRODUCT_NAME = "$(TARGET_NAME)";
				SWIFT_EMIT_LOC_STRINGS = NO;
				SWIFT_VERSION = 5.0;
				TARGETED_DEVICE_FAMILY = "1,2";
				TEST_HOST = "$(BUILT_PRODUCTS_DIR)/MyFirstApp.app/$(BUNDLE_EXECUTABLE_FOLDER_PATH)/MyFirstApp";
			};
			name = Release;
		};
		CF68A8E229E2BE1F00C05475 /* Debug */ = {
			isa = XCBuildConfiguration;
			buildSettings = {
				ALWAYS_EMBED_SWIFT_STANDARD_LIBRARIES = YES;
				CODE_SIGN_STYLE = Automatic;
				CURRENT_PROJECT_VERSION = 1;
				DEVELOPMENT_TEAM = YT4L7QH32W;
				GENERATE_INFOPLIST_FILE = YES;
				MARKETING_VERSION = 1.0;
				PRODUCT_BUNDLE_IDENTIFIER = com.exampleApp.MyFirstAppUITests;
				PRODUCT_NAME = "$(TARGET_NAME)";
				SWIFT_EMIT_LOC_STRINGS = NO;
				SWIFT_VERSION = 5.0;
				TARGETED_DEVICE_FAMILY = "1,2";
				TEST_TARGET_NAME = MyFirstApp;
			};
			name = Debug;
		};
		CF68A8E329E2BE1F00C05475 /* Release */ = {
			isa = XCBuildConfiguration;
			buildSettings = {
				ALWAYS_EMBED_SWIFT_STANDARD_LIBRARIES = YES;
				CODE_SIGN_STYLE = Automatic;
				CURRENT_PROJECT_VERSION = 1;
				DEVELOPMENT_TEAM = YT4L7QH32W;
				GENERATE_INFOPLIST_FILE = YES;
				MARKETING_VERSION = 1.0;
				PRODUCT_BUNDLE_IDENTIFIER = com.exampleApp.MyFirstAppUITests;
				PRODUCT_NAME = "$(TARGET_NAME)";
				SWIFT_EMIT_LOC_STRINGS = NO;
				SWIFT_VERSION = 5.0;
				TARGETED_DEVICE_FAMILY = "1,2";
				TEST_TARGET_NAME = MyFirstApp;
			};
			name = Release;
		};
/* End XCBuildConfiguration section */

/* Begin XCConfigurationList section */
		CF68A8AC29E2BE1D00C05475 /* Build configuration list for PBXProject "MyFirstApp" */ = {
			isa = XCConfigurationList;
			buildConfigurations = (
				CF68A8D929E2BE1F00C05475 /* Debug */,
				CF68A8DA29E2BE1F00C05475 /* Release */,
			);
			defaultConfigurationIsVisible = 0;
			defaultConfigurationName = Release;
		};
		CF68A8DB29E2BE1F00C05475 /* Build configuration list for PBXNativeTarget "MyFirstApp" */ = {
			isa = XCConfigurationList;
			buildConfigurations = (
				CF68A8DC29E2BE1F00C05475 /* Debug */,
				CF68A8DD29E2BE1F00C05475 /* Release */,
			);
			defaultConfigurationIsVisible = 0;
			defaultConfigurationName = Release;
		};
		CF68A8DE29E2BE1F00C05475 /* Build configuration list for PBXNativeTarget "MyFirstAppTests" */ = {
			isa = XCConfigurationList;
			buildConfigurations = (
				CF68A8DF29E2BE1F00C05475 /* Debug */,
				CF68A8E029E2BE1F00C05475 /* Release */,
			);
			defaultConfigurationIsVisible = 0;
			defaultConfigurationName = Release;
		};
		CF68A8E129E2BE1F00C05475 /* Build configuration list for PBXNativeTarget "MyFirstAppUITests" */ = {
			isa = XCConfigurationList;
			buildConfigurations = (
				CF68A8E229E2BE1F00C05475 /* Debug */,
				CF68A8E329E2BE1F00C05475 /* Release */,
			);
			defaultConfigurationIsVisible = 0;
			defaultConfigurationName = Release;
		};
/* End XCConfigurationList section */
	};
	rootObject = CF68A8A929E2BE1D00C05475 /* Project object */;
}
